
Microsoft Visual Studio Solution File, Format Version 12.00
# Visual Studio Version 17
VisualStudioVersion = 17.13.35919.96 d17.13
MinimumVisualStudioVersion = 10.0.40219.1
Project("{FAE04EC0-301F-11D3-BF4B-00C04F79EFBC}") = "DealerSelfSupplySystem", "PackagerExtension\DealerSelfSupplySystem.csproj", "{51C7BD3F-5593-4F7F-AEF7-33C13120B400}"
EndProject
Global
	GlobalSection(SolutionConfigurationPlatforms) = preSolution
		Debug|Any CPU = Debug|Any CPU
		Release|Any CPU = Release|Any CPU
	EndGlobalSection
	GlobalSection(ProjectConfigurationPlatforms) = postSolution
		{51C7BD3F-5593-4F7F-AEF7-33C13120B400}.Debug|Any CPU.ActiveCfg = Debug|Any CPU
		{51C7BD3F-5593-4F7F-AEF7-33C13120B400}.Debug|Any CPU.Build.0 = Debug|Any CPU
		{51C7BD3F-5593-4F7F-AEF7-33C13120B400}.Release|Any CPU.ActiveCfg = Release|Any CPU
		{51C7BD3F-5593-4F7F-AEF7-33C13120B400}.Release|Any CPU.Build.0 = Release|Any CPU
	EndGlobalSection
	GlobalSection(SolutionProperties) = preSolution
		HideSolutionNode = FALSE
	EndGlobalSection
	GlobalSection(ExtensibilityGlobals) = postSolution
		SolutionGuid = {86D8B21C-0789-4A81-9163-DA44BF302534}
	EndGlobalSection
EndGlobal
